// !$*UTF8*$!
{
	archiveVersion = 1;
	classes = {
	};
	objectVersion = 70;
	objects = {

/* Begin PBXBuildFile section */
		710ABBAC2CC2D543007DEF4F /* Double+Extensions.swift in Sources */ = {isa = PBXBuildFile; fileRef = 710ABBAB2CC2D53E007DEF4F /* Double+Extensions.swift */; };
		710ABBAF2CC2EC85007DEF4F /* ExpenseDetailView.swift in Sources */ = {isa = PBXBuildFile; fileRef = 710ABBAE2CC2EC80007DEF4F /* ExpenseDetailView.swift */; };
		710ABBB12CC2ECA1007DEF4F /* ExpenseDetailCore.swift in Sources */ = {isa = PBXBuildFile; fileRef = 710ABBB02CC2EC9C007DEF4F /* ExpenseDetailCore.swift */; };
		710ABBB32CC2ECE1007DEF4F /* ExpenseDetailCalls.swift in Sources */ = {isa = PBXBuildFile; fileRef = 710ABBB22CC2ECDD007DEF4F /* ExpenseDetailCalls.swift */; };
		710ABBB52CC2ED29007DEF4F /* ExpenseDetailService.swift in Sources */ = {isa = PBXBuildFile; fileRef = 710ABBB42CC2ED23007DEF4F /* ExpenseDetailService.swift */; };
		710ABBB72CC30016007DEF4F /* ExpenseDetail.swift in Sources */ = {isa = PBXBuildFile; fileRef = 710ABBB62CC30011007DEF4F /* ExpenseDetail.swift */; };
		710D68D92C825438000912DE /* AuthenticationRequest.swift in Sources */ = {isa = PBXBuildFile; fileRef = 710D68D82C825438000912DE /* AuthenticationRequest.swift */; };
		712A84412C7F722800AE50EB /* EntryCore.swift in Sources */ = {isa = PBXBuildFile; fileRef = 712A84402C7F722800AE50EB /* EntryCore.swift */; };
		712A84432C7F726600AE50EB /* EntryView.swift in Sources */ = {isa = PBXBuildFile; fileRef = 712A84422C7F726600AE50EB /* EntryView.swift */; };
		712A84452C7F72C200AE50EB /* PaysplitTextField.swift in Sources */ = {isa = PBXBuildFile; fileRef = 712A84442C7F72C200AE50EB /* PaysplitTextField.swift */; };
		712A84472C7F807C00AE50EB /* LoginCore.swift in Sources */ = {isa = PBXBuildFile; fileRef = 712A84462C7F807C00AE50EB /* LoginCore.swift */; };
		712A84492C7F80AF00AE50EB /* LoginView.swift in Sources */ = {isa = PBXBuildFile; fileRef = 712A84482C7F80AF00AE50EB /* LoginView.swift */; };
		712A844B2C7F80F700AE50EB /* RegisterCore.swift in Sources */ = {isa = PBXBuildFile; fileRef = 712A844A2C7F80F700AE50EB /* RegisterCore.swift */; };
		712A844D2C7F810A00AE50EB /* RegisterView.swift in Sources */ = {isa = PBXBuildFile; fileRef = 712A844C2C7F810A00AE50EB /* RegisterView.swift */; };
		7133237C2C5CE92B00497475 /* paysplitApp.swift in Sources */ = {isa = PBXBuildFile; fileRef = 7133237B2C5CE92B00497475 /* paysplitApp.swift */; };
		713323802C5CE92C00497475 /* Assets.xcassets in Resources */ = {isa = PBXBuildFile; fileRef = 7133237F2C5CE92C00497475 /* Assets.xcassets */; };
		713323832C5CE92C00497475 /* Preview Assets.xcassets in Resources */ = {isa = PBXBuildFile; fileRef = 713323822C5CE92C00497475 /* Preview Assets.xcassets */; };
		713419EF2C64C1D3000648A2 /* AccountView.swift in Sources */ = {isa = PBXBuildFile; fileRef = 713419EE2C64C1D3000648A2 /* AccountView.swift */; };
		713419F12C64C1E9000648A2 /* AccountCore.swift in Sources */ = {isa = PBXBuildFile; fileRef = 713419F02C64C1E9000648A2 /* AccountCore.swift */; };
		713419F32C64C314000648A2 /* OpenExpenseCore.swift in Sources */ = {isa = PBXBuildFile; fileRef = 713419F22C64C314000648A2 /* OpenExpenseCore.swift */; };
		713419F52C64C34F000648A2 /* PaidExpenseCore.swift in Sources */ = {isa = PBXBuildFile; fileRef = 713419F42C64C34F000648A2 /* PaidExpenseCore.swift */; };
		713419F72C64FB5E000648A2 /* AppStyler.swift in Sources */ = {isa = PBXBuildFile; fileRef = 713419F62C64FB5E000648A2 /* AppStyler.swift */; };
		7138F47D2C63C9290067CE35 /* OverviewView.swift in Sources */ = {isa = PBXBuildFile; fileRef = 7138F47C2C63C9290067CE35 /* OverviewView.swift */; };
		7138F47F2C63CB010067CE35 /* OverviewCore.swift in Sources */ = {isa = PBXBuildFile; fileRef = 7138F47E2C63CB010067CE35 /* OverviewCore.swift */; };
		7138F4822C63CD700067CE35 /* AddPeopleView.swift in Sources */ = {isa = PBXBuildFile; fileRef = 7138F4812C63CD700067CE35 /* AddPeopleView.swift */; };
		7138F4852C63CD920067CE35 /* OpenExpenseView.swift in Sources */ = {isa = PBXBuildFile; fileRef = 7138F4842C63CD920067CE35 /* OpenExpenseView.swift */; };
		7138F4882C63CDB70067CE35 /* PaidExpenseView.swift in Sources */ = {isa = PBXBuildFile; fileRef = 7138F4872C63CDB70067CE35 /* PaidExpenseView.swift */; };
		7138F48C2C63D11C0067CE35 /* AddExpenseView.swift in Sources */ = {isa = PBXBuildFile; fileRef = 7138F48B2C63D11C0067CE35 /* AddExpenseView.swift */; };
		7138F48E2C63D13B0067CE35 /* AddExpenseCore.swift in Sources */ = {isa = PBXBuildFile; fileRef = 7138F48D2C63D13B0067CE35 /* AddExpenseCore.swift */; };
		71459D732CC6AEDB00B768AE /* AccountStatistics.swift in Sources */ = {isa = PBXBuildFile; fileRef = 71459D722CC6AED300B768AE /* AccountStatistics.swift */; };
		715DAE842C831CE3000941B6 /* EntryService.swift in Sources */ = {isa = PBXBuildFile; fileRef = 715DAE832C831CE3000941B6 /* EntryService.swift */; };
		715DAE862C831CEB000941B6 /* LoginCall.swift in Sources */ = {isa = PBXBuildFile; fileRef = 715DAE852C831CEB000941B6 /* LoginCall.swift */; };
		715DAE882C831DED000941B6 /* RegisterCall.swift in Sources */ = {isa = PBXBuildFile; fileRef = 715DAE872C831DED000941B6 /* RegisterCall.swift */; };
		715DAE8A2C831E75000941B6 /* RegisterRequest.swift in Sources */ = {isa = PBXBuildFile; fileRef = 715DAE892C831E75000941B6 /* RegisterRequest.swift */; };
		715EB3C22CC514DB00DBB075 /* String+Extensions.swift in Sources */ = {isa = PBXBuildFile; fileRef = 715EB3C12CC514D600DBB075 /* String+Extensions.swift */; };
		715EB3C42CC5305500DBB075 /* ImagePickerController.swift in Sources */ = {isa = PBXBuildFile; fileRef = 715EB3C32CC5305000DBB075 /* ImagePickerController.swift */; };
		715EB3C62CC530C300DBB075 /* ViewControllerRepresentable.swift in Sources */ = {isa = PBXBuildFile; fileRef = 715EB3C52CC530BE00DBB075 /* ViewControllerRepresentable.swift */; };
		715EB3C82CC5347600DBB075 /* AccountCalls.swift in Sources */ = {isa = PBXBuildFile; fileRef = 715EB3C72CC5347400DBB075 /* AccountCalls.swift */; };
		715EB3CB2CC536D700DBB075 /* CachedAsyncImage in Frameworks */ = {isa = PBXBuildFile; productRef = 715EB3CA2CC536D700DBB075 /* CachedAsyncImage */; };
		715EB3CD2CC536F900DBB075 /* PaysplitImage.swift in Sources */ = {isa = PBXBuildFile; fileRef = 715EB3CC2CC536E900DBB075 /* PaysplitImage.swift */; };
		715EB3D02CC53C7800DBB075 /* Alamofire in Frameworks */ = {isa = PBXBuildFile; productRef = 715EB3CF2CC53C7800DBB075 /* Alamofire */; };
		715EB3D42CC53CA500DBB075 /* FormData.swift in Sources */ = {isa = PBXBuildFile; fileRef = 715EB3D32CC53CA300DBB075 /* FormData.swift */; };
		716DE7752C651ECF00A80817 /* AddPeopleCore.swift in Sources */ = {isa = PBXBuildFile; fileRef = 716DE7742C651ECF00A80817 /* AddPeopleCore.swift */; };
		71744D3D2C6E0D4000577E22 /* InfoView.swift in Sources */ = {isa = PBXBuildFile; fileRef = 71744D3C2C6E0D4000577E22 /* InfoView.swift */; };
		71744D402C6E1E0000577E22 /* Lottie in Frameworks */ = {isa = PBXBuildFile; productRef = 71744D3F2C6E1E0000577E22 /* Lottie */; };
		71744D452C6E22E700577E22 /* PaysplitButton.swift in Sources */ = {isa = PBXBuildFile; fileRef = 71744D442C6E22E700577E22 /* PaysplitButton.swift */; };
		71744D472C72311B00577E22 /* AuthorizationToken.swift in Sources */ = {isa = PBXBuildFile; fileRef = 71744D462C72311B00577E22 /* AuthorizationToken.swift */; };
		71744D492C7244B000577E22 /* RefreshAccessTokenCall.swift in Sources */ = {isa = PBXBuildFile; fileRef = 71744D482C7244B000577E22 /* RefreshAccessTokenCall.swift */; };
		71744D4B2C72452800577E22 /* RefreshAccessTokenRequest.swift in Sources */ = {isa = PBXBuildFile; fileRef = 71744D4A2C72452800577E22 /* RefreshAccessTokenRequest.swift */; };
		71799EB32CC15D5C0062DEDB /* ExpenseOverviewView.swift in Sources */ = {isa = PBXBuildFile; fileRef = 71799EB22CC15D580062DEDB /* ExpenseOverviewView.swift */; };
		71799EB52CC15D7C0062DEDB /* ExpenseOverviewCore.swift in Sources */ = {isa = PBXBuildFile; fileRef = 71799EB42CC15D770062DEDB /* ExpenseOverviewCore.swift */; };
		71799EB72CC169D40062DEDB /* ExpenseOverviewCalls.swift in Sources */ = {isa = PBXBuildFile; fileRef = 71799EB62CC169C60062DEDB /* ExpenseOverviewCalls.swift */; };
		71799EB92CC16D000062DEDB /* ExpenseOverviewService.swift in Sources */ = {isa = PBXBuildFile; fileRef = 71799EB82CC16CF90062DEDB /* ExpenseOverviewService.swift */; };
		718E8CD42CBBC3C400D63FE8 /* Lato-Italic.ttf in Resources */ = {isa = PBXBuildFile; fileRef = 718E8CD12CBBC3C400D63FE8 /* Lato-Italic.ttf */; };
		718E8CD52CBBC3C400D63FE8 /* Lato-Light.ttf in Resources */ = {isa = PBXBuildFile; fileRef = 718E8CD22CBBC3C400D63FE8 /* Lato-Light.ttf */; };
		718E8CD62CBBC3C400D63FE8 /* Lato-Black.ttf in Resources */ = {isa = PBXBuildFile; fileRef = 718E8CCE2CBBC3C400D63FE8 /* Lato-Black.ttf */; };
		718E8CD72CBBC3C400D63FE8 /* Lato-Regular.ttf in Resources */ = {isa = PBXBuildFile; fileRef = 718E8CD32CBBC3C400D63FE8 /* Lato-Regular.ttf */; };
		718E8CD82CBBC3C400D63FE8 /* Lato-Hairline.ttf in Resources */ = {isa = PBXBuildFile; fileRef = 718E8CD02CBBC3C400D63FE8 /* Lato-Hairline.ttf */; };
		718E8CD92CBBC3C400D63FE8 /* Lato-Bold.ttf in Resources */ = {isa = PBXBuildFile; fileRef = 718E8CCF2CBBC3C400D63FE8 /* Lato-Bold.ttf */; };
		718E8CDC2CBBF99200D63FE8 /* FullAmountView.swift in Sources */ = {isa = PBXBuildFile; fileRef = 718E8CDB2CBBF98D00D63FE8 /* FullAmountView.swift */; };
		718E8CDE2CBBF99A00D63FE8 /* FullAmountCore.swift in Sources */ = {isa = PBXBuildFile; fileRef = 718E8CDD2CBBF99600D63FE8 /* FullAmountCore.swift */; };
		718E8CE12CBBF9D700D63FE8 /* SplitAmountView.swift in Sources */ = {isa = PBXBuildFile; fileRef = 718E8CE02CBBF9D300D63FE8 /* SplitAmountView.swift */; };
		718E8CE32CBBF9DE00D63FE8 /* SplitAmountCore.swift in Sources */ = {isa = PBXBuildFile; fileRef = 718E8CE22CBBF9DA00D63FE8 /* SplitAmountCore.swift */; };
		718E8CE52CBC1FFA00D63FE8 /* Expense.swift in Sources */ = {isa = PBXBuildFile; fileRef = 718E8CE42CBC1FF600D63FE8 /* Expense.swift */; };
		718E8CE92CBC474800D63FE8 /* AddExpenseService.swift in Sources */ = {isa = PBXBuildFile; fileRef = 718E8CE82CBC474100D63FE8 /* AddExpenseService.swift */; };
		719789792CC3A40E005B0C59 /* OpenPaidExpense.swift in Sources */ = {isa = PBXBuildFile; fileRef = 719789782CC3A40B005B0C59 /* OpenPaidExpense.swift */; };
		7197897B2CC3A7C4005B0C59 /* OpenExpenseCalls.swift in Sources */ = {isa = PBXBuildFile; fileRef = 7197897A2CC3A7BD005B0C59 /* OpenExpenseCalls.swift */; };
		7197897D2CC3A806005B0C59 /* OpenExpenseService.swift in Sources */ = {isa = PBXBuildFile; fileRef = 7197897C2CC3A802005B0C59 /* OpenExpenseService.swift */; };
		7197897F2CC40030005B0C59 /* PaidExpenseCalls.swift in Sources */ = {isa = PBXBuildFile; fileRef = 7197897E2CC40029005B0C59 /* PaidExpenseCalls.swift */; };
		719789812CC400ED005B0C59 /* PaidExpenseService.swift in Sources */ = {isa = PBXBuildFile; fileRef = 719789802CC400E9005B0C59 /* PaidExpenseService.swift */; };
		7197B6782C64243F00272918 /* Account.swift in Sources */ = {isa = PBXBuildFile; fileRef = 7197B6772C64243F00272918 /* Account.swift */; };
		71B30D3D2C5F6BA5005D3BE0 /* ComposableArchitecture in Frameworks */ = {isa = PBXBuildFile; productRef = 71B30D3C2C5F6BA5005D3BE0 /* ComposableArchitecture */; };
		71B30D422C5F6BC8005D3BE0 /* ViewState.swift in Sources */ = {isa = PBXBuildFile; fileRef = 71B30D412C5F6BC8005D3BE0 /* ViewState.swift */; };
		71B30D472C5F6D82005D3BE0 /* PaymentSheetResponse.swift in Sources */ = {isa = PBXBuildFile; fileRef = 71B30D462C5F6D82005D3BE0 /* PaymentSheetResponse.swift */; };
		71B30D492C5F6DC0005D3BE0 /* APIClient.swift in Sources */ = {isa = PBXBuildFile; fileRef = 71B30D482C5F6DC0005D3BE0 /* APIClient.swift */; };
		71B30D4B2C5F6DD3005D3BE0 /* Call.swift in Sources */ = {isa = PBXBuildFile; fileRef = 71B30D4A2C5F6DD3005D3BE0 /* Call.swift */; };
		71B30D4D2C5F6E03005D3BE0 /* HttpMethod.swift in Sources */ = {isa = PBXBuildFile; fileRef = 71B30D4C2C5F6E03005D3BE0 /* HttpMethod.swift */; };
		71B30D512C5F71B5005D3BE0 /* APIError.swift in Sources */ = {isa = PBXBuildFile; fileRef = 71B30D502C5F71B5005D3BE0 /* APIError.swift */; };
		71B30D532C5F7D0C005D3BE0 /* MessageResponse.swift in Sources */ = {isa = PBXBuildFile; fileRef = 71B30D522C5F7D0C005D3BE0 /* MessageResponse.swift */; };
		71B30D5E2C5FBE9F005D3BE0 /* AppCore.swift in Sources */ = {isa = PBXBuildFile; fileRef = 71B30D5D2C5FBE9F005D3BE0 /* AppCore.swift */; };
		71B30D602C5FBECE005D3BE0 /* AppView.swift in Sources */ = {isa = PBXBuildFile; fileRef = 71B30D5F2C5FBECE005D3BE0 /* AppView.swift */; };
		71B30D622C5FC1FE005D3BE0 /* AppService.swift in Sources */ = {isa = PBXBuildFile; fileRef = 71B30D612C5FC1FE005D3BE0 /* AppService.swift */; };
		71B30D6A2C5FC9EB005D3BE0 /* LaunchScreenView.swift in Sources */ = {isa = PBXBuildFile; fileRef = 71B30D692C5FC9EB005D3BE0 /* LaunchScreenView.swift */; };
		71B30D702C5FCF3A005D3BE0 /* LaunchScreen.storyboard in Resources */ = {isa = PBXBuildFile; fileRef = 71B30D6F2C5FCF3A005D3BE0 /* LaunchScreen.storyboard */; };
		71BC92462CC57254001A8A79 /* OneSignalNotificationServiceExtension.appex in Embed Foundation Extensions */ = {isa = PBXBuildFile; fileRef = 71BC923F2CC57254001A8A79 /* OneSignalNotificationServiceExtension.appex */; settings = {ATTRIBUTES = (RemoveHeadersOnCopy, ); }; };
		71BC924F2CC57334001A8A79 /* OneSignalExtension in Frameworks */ = {isa = PBXBuildFile; productRef = 71BC924E2CC57334001A8A79 /* OneSignalExtension */; };
		71BC92512CC57334001A8A79 /* OneSignalFramework in Frameworks */ = {isa = PBXBuildFile; productRef = 71BC92502CC57334001A8A79 /* OneSignalFramework */; };
		71BC92532CC57334001A8A79 /* OneSignalInAppMessages in Frameworks */ = {isa = PBXBuildFile; productRef = 71BC92522CC57334001A8A79 /* OneSignalInAppMessages */; };
		71BC92552CC574E8001A8A79 /* OneSignalClient.swift in Sources */ = {isa = PBXBuildFile; fileRef = 71BC92542CC574E4001A8A79 /* OneSignalClient.swift */; };
		71BC92572CC57841001A8A79 /* OneSignalPush.swift in Sources */ = {isa = PBXBuildFile; fileRef = 71BC92562CC5783E001A8A79 /* OneSignalPush.swift */; };
		71CB54242CC8357200575FD1 /* Localizable.xcstrings in Resources */ = {isa = PBXBuildFile; fileRef = 71CB54232CC8357200575FD1 /* Localizable.xcstrings */; };
		71CB54252CC8357200575FD1 /* Localizable.xcstrings in Resources */ = {isa = PBXBuildFile; fileRef = 71CB54232CC8357200575FD1 /* Localizable.xcstrings */; };
		71E21E482CCAC44F006CF111 /* UniversalHelper.swift in Sources */ = {isa = PBXBuildFile; fileRef = 71E21E472CCAC44A006CF111 /* UniversalHelper.swift */; };
		71F169E32C94CD7400FA2C61 /* AddPeopleCalls.swift in Sources */ = {isa = PBXBuildFile; fileRef = 71F169E22C94CD7400FA2C61 /* AddPeopleCalls.swift */; };
		71F169E52C94CEDC00FA2C61 /* AddPeopleService.swift in Sources */ = {isa = PBXBuildFile; fileRef = 71F169E42C94CEDC00FA2C61 /* AddPeopleService.swift */; };
		71F397CC2C8E01AE0073A5E8 /* AccountService.swift in Sources */ = {isa = PBXBuildFile; fileRef = 71F397CB2C8E01AE0073A5E8 /* AccountService.swift */; };
		71F397D02C8E051F0073A5E8 /* NotificationName+Extensions.swift in Sources */ = {isa = PBXBuildFile; fileRef = 71F397CF2C8E051F0073A5E8 /* NotificationName+Extensions.swift */; };
		71F9AEFA2CBAF96800561697 /* AddExpenseStep.swift in Sources */ = {isa = PBXBuildFile; fileRef = 71F9AEF92CBAF95F00561697 /* AddExpenseStep.swift */; };
		71F9AEFC2CBB18DE00561697 /* AddExpenseCalls.swift in Sources */ = {isa = PBXBuildFile; fileRef = 71F9AEFB2CBB18D900561697 /* AddExpenseCalls.swift */; };
		71F9AEFF2CBB240F00561697 /* SearchAddedPeopleView.swift in Sources */ = {isa = PBXBuildFile; fileRef = 71F9AEFE2CBB240C00561697 /* SearchAddedPeopleView.swift */; };
		71F9AF012CBB242E00561697 /* SearchAddedPeopleCore.swift in Sources */ = {isa = PBXBuildFile; fileRef = 71F9AF002CBB242B00561697 /* SearchAddedPeopleCore.swift */; };
/* End PBXBuildFile section */

/* Begin PBXContainerItemProxy section */
		71BC92442CC57254001A8A79 /* PBXContainerItemProxy */ = {
			isa = PBXContainerItemProxy;
			containerPortal = 713323702C5CE92B00497475 /* Project object */;
			proxyType = 1;
			remoteGlobalIDString = 71BC923E2CC57254001A8A79;
			remoteInfo = OneSignalNotificationServiceExtension;
		};
/* End PBXContainerItemProxy section */

/* Begin PBXCopyFilesBuildPhase section */
		71BC924B2CC57254001A8A79 /* Embed Foundation Extensions */ = {
			isa = PBXCopyFilesBuildPhase;
			buildActionMask = 2147483647;
			dstPath = "";
			dstSubfolderSpec = 13;
			files = (
				71BC92462CC57254001A8A79 /* OneSignalNotificationServiceExtension.appex in Embed Foundation Extensions */,
			);
			name = "Embed Foundation Extensions";
			runOnlyForDeploymentPostprocessing = 0;
		};
/* End PBXCopyFilesBuildPhase section */

/* Begin PBXFileReference section */
		710ABBAB2CC2D53E007DEF4F /* Double+Extensions.swift */ = {isa = PBXFileReference; lastKnownFileType = sourcecode.swift; path = "Double+Extensions.swift"; sourceTree = "<group>"; };
		710ABBAE2CC2EC80007DEF4F /* ExpenseDetailView.swift */ = {isa = PBXFileReference; lastKnownFileType = sourcecode.swift; path = ExpenseDetailView.swift; sourceTree = "<group>"; };
		710ABBB02CC2EC9C007DEF4F /* ExpenseDetailCore.swift */ = {isa = PBXFileReference; lastKnownFileType = sourcecode.swift; path = ExpenseDetailCore.swift; sourceTree = "<group>"; };
		710ABBB22CC2ECDD007DEF4F /* ExpenseDetailCalls.swift */ = {isa = PBXFileReference; lastKnownFileType = sourcecode.swift; path = ExpenseDetailCalls.swift; sourceTree = "<group>"; };
		710ABBB42CC2ED23007DEF4F /* ExpenseDetailService.swift */ = {isa = PBXFileReference; lastKnownFileType = sourcecode.swift; path = ExpenseDetailService.swift; sourceTree = "<group>"; };
		710ABBB62CC30011007DEF4F /* ExpenseDetail.swift */ = {isa = PBXFileReference; lastKnownFileType = sourcecode.swift; path = ExpenseDetail.swift; sourceTree = "<group>"; };
		710D68D82C825438000912DE /* AuthenticationRequest.swift */ = {isa = PBXFileReference; lastKnownFileType = sourcecode.swift; path = AuthenticationRequest.swift; sourceTree = "<group>"; };
		712A84402C7F722800AE50EB /* EntryCore.swift */ = {isa = PBXFileReference; lastKnownFileType = sourcecode.swift; path = EntryCore.swift; sourceTree = "<group>"; };
		712A84422C7F726600AE50EB /* EntryView.swift */ = {isa = PBXFileReference; lastKnownFileType = sourcecode.swift; path = EntryView.swift; sourceTree = "<group>"; };
		712A84442C7F72C200AE50EB /* PaysplitTextField.swift */ = {isa = PBXFileReference; lastKnownFileType = sourcecode.swift; path = PaysplitTextField.swift; sourceTree = "<group>"; };
		712A84462C7F807C00AE50EB /* LoginCore.swift */ = {isa = PBXFileReference; lastKnownFileType = sourcecode.swift; path = LoginCore.swift; sourceTree = "<group>"; };
		712A84482C7F80AF00AE50EB /* LoginView.swift */ = {isa = PBXFileReference; lastKnownFileType = sourcecode.swift; path = LoginView.swift; sourceTree = "<group>"; };
		712A844A2C7F80F700AE50EB /* RegisterCore.swift */ = {isa = PBXFileReference; lastKnownFileType = sourcecode.swift; path = RegisterCore.swift; sourceTree = "<group>"; };
		712A844C2C7F810A00AE50EB /* RegisterView.swift */ = {isa = PBXFileReference; lastKnownFileType = sourcecode.swift; path = RegisterView.swift; sourceTree = "<group>"; };
		713323782C5CE92B00497475 /* paysplit.app */ = {isa = PBXFileReference; explicitFileType = wrapper.application; includeInIndex = 0; path = paysplit.app; sourceTree = BUILT_PRODUCTS_DIR; };
		7133237B2C5CE92B00497475 /* paysplitApp.swift */ = {isa = PBXFileReference; lastKnownFileType = sourcecode.swift; path = paysplitApp.swift; sourceTree = "<group>"; };
		7133237F2C5CE92C00497475 /* Assets.xcassets */ = {isa = PBXFileReference; lastKnownFileType = folder.assetcatalog; path = Assets.xcassets; sourceTree = "<group>"; };
		713323822C5CE92C00497475 /* Preview Assets.xcassets */ = {isa = PBXFileReference; lastKnownFileType = folder.assetcatalog; path = "Preview Assets.xcassets"; sourceTree = "<group>"; };
		713419EE2C64C1D3000648A2 /* AccountView.swift */ = {isa = PBXFileReference; lastKnownFileType = sourcecode.swift; path = AccountView.swift; sourceTree = "<group>"; };
		713419F02C64C1E9000648A2 /* AccountCore.swift */ = {isa = PBXFileReference; lastKnownFileType = sourcecode.swift; path = AccountCore.swift; sourceTree = "<group>"; };
		713419F22C64C314000648A2 /* OpenExpenseCore.swift */ = {isa = PBXFileReference; lastKnownFileType = sourcecode.swift; path = OpenExpenseCore.swift; sourceTree = "<group>"; };
		713419F42C64C34F000648A2 /* PaidExpenseCore.swift */ = {isa = PBXFileReference; lastKnownFileType = sourcecode.swift; path = PaidExpenseCore.swift; sourceTree = "<group>"; };
		713419F62C64FB5E000648A2 /* AppStyler.swift */ = {isa = PBXFileReference; lastKnownFileType = sourcecode.swift; path = AppStyler.swift; sourceTree = "<group>"; };
		7138F47C2C63C9290067CE35 /* OverviewView.swift */ = {isa = PBXFileReference; lastKnownFileType = sourcecode.swift; path = OverviewView.swift; sourceTree = "<group>"; };
		7138F47E2C63CB010067CE35 /* OverviewCore.swift */ = {isa = PBXFileReference; lastKnownFileType = sourcecode.swift; path = OverviewCore.swift; sourceTree = "<group>"; };
		7138F4812C63CD700067CE35 /* AddPeopleView.swift */ = {isa = PBXFileReference; lastKnownFileType = sourcecode.swift; path = AddPeopleView.swift; sourceTree = "<group>"; };
		7138F4842C63CD920067CE35 /* OpenExpenseView.swift */ = {isa = PBXFileReference; lastKnownFileType = sourcecode.swift; path = OpenExpenseView.swift; sourceTree = "<group>"; };
		7138F4872C63CDB70067CE35 /* PaidExpenseView.swift */ = {isa = PBXFileReference; lastKnownFileType = sourcecode.swift; path = PaidExpenseView.swift; sourceTree = "<group>"; };
		7138F48B2C63D11C0067CE35 /* AddExpenseView.swift */ = {isa = PBXFileReference; lastKnownFileType = sourcecode.swift; path = AddExpenseView.swift; sourceTree = "<group>"; };
		7138F48D2C63D13B0067CE35 /* AddExpenseCore.swift */ = {isa = PBXFileReference; lastKnownFileType = sourcecode.swift; path = AddExpenseCore.swift; sourceTree = "<group>"; };
		71459D722CC6AED300B768AE /* AccountStatistics.swift */ = {isa = PBXFileReference; lastKnownFileType = sourcecode.swift; path = AccountStatistics.swift; sourceTree = "<group>"; };
		715DAE832C831CE3000941B6 /* EntryService.swift */ = {isa = PBXFileReference; lastKnownFileType = sourcecode.swift; path = EntryService.swift; sourceTree = "<group>"; };
		715DAE852C831CEB000941B6 /* LoginCall.swift */ = {isa = PBXFileReference; lastKnownFileType = sourcecode.swift; path = LoginCall.swift; sourceTree = "<group>"; };
		715DAE872C831DED000941B6 /* RegisterCall.swift */ = {isa = PBXFileReference; lastKnownFileType = sourcecode.swift; path = RegisterCall.swift; sourceTree = "<group>"; };
		715DAE892C831E75000941B6 /* RegisterRequest.swift */ = {isa = PBXFileReference; lastKnownFileType = sourcecode.swift; path = RegisterRequest.swift; sourceTree = "<group>"; };
		715EB3C12CC514D600DBB075 /* String+Extensions.swift */ = {isa = PBXFileReference; lastKnownFileType = sourcecode.swift; path = "String+Extensions.swift"; sourceTree = "<group>"; };
		715EB3C32CC5305000DBB075 /* ImagePickerController.swift */ = {isa = PBXFileReference; lastKnownFileType = sourcecode.swift; path = ImagePickerController.swift; sourceTree = "<group>"; };
		715EB3C52CC530BE00DBB075 /* ViewControllerRepresentable.swift */ = {isa = PBXFileReference; lastKnownFileType = sourcecode.swift; path = ViewControllerRepresentable.swift; sourceTree = "<group>"; };
		715EB3C72CC5347400DBB075 /* AccountCalls.swift */ = {isa = PBXFileReference; lastKnownFileType = sourcecode.swift; path = AccountCalls.swift; sourceTree = "<group>"; };
		715EB3CC2CC536E900DBB075 /* PaysplitImage.swift */ = {isa = PBXFileReference; lastKnownFileType = sourcecode.swift; path = PaysplitImage.swift; sourceTree = "<group>"; };
		715EB3D32CC53CA300DBB075 /* FormData.swift */ = {isa = PBXFileReference; lastKnownFileType = sourcecode.swift; path = FormData.swift; sourceTree = "<group>"; };
		716DE7742C651ECF00A80817 /* AddPeopleCore.swift */ = {isa = PBXFileReference; lastKnownFileType = sourcecode.swift; path = AddPeopleCore.swift; sourceTree = "<group>"; };
		71744D3C2C6E0D4000577E22 /* InfoView.swift */ = {isa = PBXFileReference; lastKnownFileType = sourcecode.swift; path = InfoView.swift; sourceTree = "<group>"; };
		71744D442C6E22E700577E22 /* PaysplitButton.swift */ = {isa = PBXFileReference; lastKnownFileType = sourcecode.swift; path = PaysplitButton.swift; sourceTree = "<group>"; };
		71744D462C72311B00577E22 /* AuthorizationToken.swift */ = {isa = PBXFileReference; lastKnownFileType = sourcecode.swift; path = AuthorizationToken.swift; sourceTree = "<group>"; };
		71744D482C7244B000577E22 /* RefreshAccessTokenCall.swift */ = {isa = PBXFileReference; lastKnownFileType = sourcecode.swift; path = RefreshAccessTokenCall.swift; sourceTree = "<group>"; };
		71744D4A2C72452800577E22 /* RefreshAccessTokenRequest.swift */ = {isa = PBXFileReference; lastKnownFileType = sourcecode.swift; path = RefreshAccessTokenRequest.swift; sourceTree = "<group>"; };
		71799EB22CC15D580062DEDB /* ExpenseOverviewView.swift */ = {isa = PBXFileReference; lastKnownFileType = sourcecode.swift; path = ExpenseOverviewView.swift; sourceTree = "<group>"; };
		71799EB42CC15D770062DEDB /* ExpenseOverviewCore.swift */ = {isa = PBXFileReference; lastKnownFileType = sourcecode.swift; path = ExpenseOverviewCore.swift; sourceTree = "<group>"; };
		71799EB62CC169C60062DEDB /* ExpenseOverviewCalls.swift */ = {isa = PBXFileReference; lastKnownFileType = sourcecode.swift; path = ExpenseOverviewCalls.swift; sourceTree = "<group>"; };
		71799EB82CC16CF90062DEDB /* ExpenseOverviewService.swift */ = {isa = PBXFileReference; lastKnownFileType = sourcecode.swift; path = ExpenseOverviewService.swift; sourceTree = "<group>"; };
		718E8CCE2CBBC3C400D63FE8 /* Lato-Black.ttf */ = {isa = PBXFileReference; lastKnownFileType = file; path = "Lato-Black.ttf"; sourceTree = "<group>"; };
		718E8CCF2CBBC3C400D63FE8 /* Lato-Bold.ttf */ = {isa = PBXFileReference; lastKnownFileType = file; path = "Lato-Bold.ttf"; sourceTree = "<group>"; };
		718E8CD02CBBC3C400D63FE8 /* Lato-Hairline.ttf */ = {isa = PBXFileReference; lastKnownFileType = file; path = "Lato-Hairline.ttf"; sourceTree = "<group>"; };
		718E8CD12CBBC3C400D63FE8 /* Lato-Italic.ttf */ = {isa = PBXFileReference; lastKnownFileType = file; path = "Lato-Italic.ttf"; sourceTree = "<group>"; };
		718E8CD22CBBC3C400D63FE8 /* Lato-Light.ttf */ = {isa = PBXFileReference; lastKnownFileType = file; path = "Lato-Light.ttf"; sourceTree = "<group>"; };
		718E8CD32CBBC3C400D63FE8 /* Lato-Regular.ttf */ = {isa = PBXFileReference; lastKnownFileType = file; path = "Lato-Regular.ttf"; sourceTree = "<group>"; };
		718E8CDB2CBBF98D00D63FE8 /* FullAmountView.swift */ = {isa = PBXFileReference; lastKnownFileType = sourcecode.swift; path = FullAmountView.swift; sourceTree = "<group>"; };
		718E8CDD2CBBF99600D63FE8 /* FullAmountCore.swift */ = {isa = PBXFileReference; lastKnownFileType = sourcecode.swift; path = FullAmountCore.swift; sourceTree = "<group>"; };
		718E8CE02CBBF9D300D63FE8 /* SplitAmountView.swift */ = {isa = PBXFileReference; lastKnownFileType = sourcecode.swift; path = SplitAmountView.swift; sourceTree = "<group>"; };
		718E8CE22CBBF9DA00D63FE8 /* SplitAmountCore.swift */ = {isa = PBXFileReference; lastKnownFileType = sourcecode.swift; path = SplitAmountCore.swift; sourceTree = "<group>"; };
		718E8CE42CBC1FF600D63FE8 /* Expense.swift */ = {isa = PBXFileReference; lastKnownFileType = sourcecode.swift; path = Expense.swift; sourceTree = "<group>"; };
		718E8CE82CBC474100D63FE8 /* AddExpenseService.swift */ = {isa = PBXFileReference; lastKnownFileType = sourcecode.swift; path = AddExpenseService.swift; sourceTree = "<group>"; };
		719789782CC3A40B005B0C59 /* OpenPaidExpense.swift */ = {isa = PBXFileReference; lastKnownFileType = sourcecode.swift; path = OpenPaidExpense.swift; sourceTree = "<group>"; };
		7197897A2CC3A7BD005B0C59 /* OpenExpenseCalls.swift */ = {isa = PBXFileReference; lastKnownFileType = sourcecode.swift; path = OpenExpenseCalls.swift; sourceTree = "<group>"; };
		7197897C2CC3A802005B0C59 /* OpenExpenseService.swift */ = {isa = PBXFileReference; lastKnownFileType = sourcecode.swift; path = OpenExpenseService.swift; sourceTree = "<group>"; };
		7197897E2CC40029005B0C59 /* PaidExpenseCalls.swift */ = {isa = PBXFileReference; lastKnownFileType = sourcecode.swift; path = PaidExpenseCalls.swift; sourceTree = "<group>"; };
		719789802CC400E9005B0C59 /* PaidExpenseService.swift */ = {isa = PBXFileReference; lastKnownFileType = sourcecode.swift; path = PaidExpenseService.swift; sourceTree = "<group>"; };
		7197B6772C64243F00272918 /* Account.swift */ = {isa = PBXFileReference; lastKnownFileType = sourcecode.swift; path = Account.swift; sourceTree = "<group>"; };
		71B30D412C5F6BC8005D3BE0 /* ViewState.swift */ = {isa = PBXFileReference; lastKnownFileType = sourcecode.swift; path = ViewState.swift; sourceTree = "<group>"; };
		71B30D462C5F6D82005D3BE0 /* PaymentSheetResponse.swift */ = {isa = PBXFileReference; lastKnownFileType = sourcecode.swift; path = PaymentSheetResponse.swift; sourceTree = "<group>"; };
		71B30D482C5F6DC0005D3BE0 /* APIClient.swift */ = {isa = PBXFileReference; lastKnownFileType = sourcecode.swift; path = APIClient.swift; sourceTree = "<group>"; };
		71B30D4A2C5F6DD3005D3BE0 /* Call.swift */ = {isa = PBXFileReference; lastKnownFileType = sourcecode.swift; path = Call.swift; sourceTree = "<group>"; };
		71B30D4C2C5F6E03005D3BE0 /* HttpMethod.swift */ = {isa = PBXFileReference; lastKnownFileType = sourcecode.swift; path = HttpMethod.swift; sourceTree = "<group>"; };
		71B30D502C5F71B5005D3BE0 /* APIError.swift */ = {isa = PBXFileReference; lastKnownFileType = sourcecode.swift; path = APIError.swift; sourceTree = "<group>"; };
		71B30D522C5F7D0C005D3BE0 /* MessageResponse.swift */ = {isa = PBXFileReference; lastKnownFileType = sourcecode.swift; path = MessageResponse.swift; sourceTree = "<group>"; };
		71B30D5D2C5FBE9F005D3BE0 /* AppCore.swift */ = {isa = PBXFileReference; lastKnownFileType = sourcecode.swift; path = AppCore.swift; sourceTree = "<group>"; };
		71B30D5F2C5FBECE005D3BE0 /* AppView.swift */ = {isa = PBXFileReference; lastKnownFileType = sourcecode.swift; path = AppView.swift; sourceTree = "<group>"; };
		71B30D612C5FC1FE005D3BE0 /* AppService.swift */ = {isa = PBXFileReference; lastKnownFileType = sourcecode.swift; path = AppService.swift; sourceTree = "<group>"; };
		71B30D632C5FC2F4005D3BE0 /* Info.plist */ = {isa = PBXFileReference; lastKnownFileType = text.plist; path = Info.plist; sourceTree = "<group>"; };
		71B30D692C5FC9EB005D3BE0 /* LaunchScreenView.swift */ = {isa = PBXFileReference; lastKnownFileType = sourcecode.swift; path = LaunchScreenView.swift; sourceTree = "<group>"; };
		71B30D6F2C5FCF3A005D3BE0 /* LaunchScreen.storyboard */ = {isa = PBXFileReference; lastKnownFileType = file.storyboard; path = LaunchScreen.storyboard; sourceTree = "<group>"; };
		71BC923A2CC5720E001A8A79 /* paysplit.entitlements */ = {isa = PBXFileReference; lastKnownFileType = text.plist.entitlements; path = paysplit.entitlements; sourceTree = "<group>"; };
		71BC923F2CC57254001A8A79 /* OneSignalNotificationServiceExtension.appex */ = {isa = PBXFileReference; explicitFileType = "wrapper.app-extension"; includeInIndex = 0; path = OneSignalNotificationServiceExtension.appex; sourceTree = BUILT_PRODUCTS_DIR; };
		71BC92542CC574E4001A8A79 /* OneSignalClient.swift */ = {isa = PBXFileReference; lastKnownFileType = sourcecode.swift; path = OneSignalClient.swift; sourceTree = "<group>"; };
		71BC92562CC5783E001A8A79 /* OneSignalPush.swift */ = {isa = PBXFileReference; lastKnownFileType = sourcecode.swift; path = OneSignalPush.swift; sourceTree = "<group>"; };
		71CB54232CC8357200575FD1 /* Localizable.xcstrings */ = {isa = PBXFileReference; lastKnownFileType = text.json.xcstrings; path = Localizable.xcstrings; sourceTree = "<group>"; };
		71E21E472CCAC44A006CF111 /* UniversalHelper.swift */ = {isa = PBXFileReference; lastKnownFileType = sourcecode.swift; path = UniversalHelper.swift; sourceTree = "<group>"; };
		71F169E22C94CD7400FA2C61 /* AddPeopleCalls.swift */ = {isa = PBXFileReference; lastKnownFileType = sourcecode.swift; path = AddPeopleCalls.swift; sourceTree = "<group>"; };
		71F169E42C94CEDC00FA2C61 /* AddPeopleService.swift */ = {isa = PBXFileReference; lastKnownFileType = sourcecode.swift; path = AddPeopleService.swift; sourceTree = "<group>"; };
		71F397CB2C8E01AE0073A5E8 /* AccountService.swift */ = {isa = PBXFileReference; lastKnownFileType = sourcecode.swift; path = AccountService.swift; sourceTree = "<group>"; };
		71F397CF2C8E051F0073A5E8 /* NotificationName+Extensions.swift */ = {isa = PBXFileReference; lastKnownFileType = sourcecode.swift; path = "NotificationName+Extensions.swift"; sourceTree = "<group>"; };
		71F9AEF92CBAF95F00561697 /* AddExpenseStep.swift */ = {isa = PBXFileReference; lastKnownFileType = sourcecode.swift; path = AddExpenseStep.swift; sourceTree = "<group>"; };
		71F9AEFB2CBB18D900561697 /* AddExpenseCalls.swift */ = {isa = PBXFileReference; lastKnownFileType = sourcecode.swift; path = AddExpenseCalls.swift; sourceTree = "<group>"; };
		71F9AEFE2CBB240C00561697 /* SearchAddedPeopleView.swift */ = {isa = PBXFileReference; lastKnownFileType = sourcecode.swift; path = SearchAddedPeopleView.swift; sourceTree = "<group>"; };
		71F9AF002CBB242B00561697 /* SearchAddedPeopleCore.swift */ = {isa = PBXFileReference; lastKnownFileType = sourcecode.swift; path = SearchAddedPeopleCore.swift; sourceTree = "<group>"; };
/* End PBXFileReference section */

/* Begin PBXFileSystemSynchronizedBuildFileExceptionSet section */
		71BC92472CC57254001A8A79 /* PBXFileSystemSynchronizedBuildFileExceptionSet */ = {
			isa = PBXFileSystemSynchronizedBuildFileExceptionSet;
			membershipExceptions = (
				Info.plist,
			);
			target = 71BC923E2CC57254001A8A79 /* OneSignalNotificationServiceExtension */;
		};
/* End PBXFileSystemSynchronizedBuildFileExceptionSet section */

/* Begin PBXFileSystemSynchronizedRootGroup section */
		71BC92402CC57254001A8A79 /* OneSignalNotificationServiceExtension */ = {isa = PBXFileSystemSynchronizedRootGroup; exceptions = (71BC92472CC57254001A8A79 /* PBXFileSystemSynchronizedBuildFileExceptionSet */, ); explicitFileTypes = {}; explicitFolders = (); path = OneSignalNotificationServiceExtension; sourceTree = "<group>"; };
/* End PBXFileSystemSynchronizedRootGroup section */

/* Begin PBXFrameworksBuildPhase section */
		713323752C5CE92B00497475 /* Frameworks */ = {
			isa = PBXFrameworksBuildPhase;
			buildActionMask = 2147483647;
			files = (
				71BC92532CC57334001A8A79 /* OneSignalInAppMessages in Frameworks */,
				715EB3CB2CC536D700DBB075 /* CachedAsyncImage in Frameworks */,
				715EB3D02CC53C7800DBB075 /* Alamofire in Frameworks */,
				71B30D3D2C5F6BA5005D3BE0 /* ComposableArchitecture in Frameworks */,
				71744D402C6E1E0000577E22 /* Lottie in Frameworks */,
				71BC92512CC57334001A8A79 /* OneSignalFramework in Frameworks */,
			);
			runOnlyForDeploymentPostprocessing = 0;
		};
		71BC923C2CC57254001A8A79 /* Frameworks */ = {
			isa = PBXFrameworksBuildPhase;
			buildActionMask = 2147483647;
			files = (
				71BC924F2CC57334001A8A79 /* OneSignalExtension in Frameworks */,
			);
			runOnlyForDeploymentPostprocessing = 0;
		};
/* End PBXFrameworksBuildPhase section */

/* Begin PBXGroup section */
		710ABBAD2CC2EC61007DEF4F /* ExpenseDetail */ = {
			isa = PBXGroup;
			children = (
				710ABBB42CC2ED23007DEF4F /* ExpenseDetailService.swift */,
				710ABBB22CC2ECDD007DEF4F /* ExpenseDetailCalls.swift */,
				710ABBB02CC2EC9C007DEF4F /* ExpenseDetailCore.swift */,
				710ABBAE2CC2EC80007DEF4F /* ExpenseDetailView.swift */,
			);
			path = ExpenseDetail;
			sourceTree = "<group>";
		};
		712A843F2C7F720A00AE50EB /* Entry */ = {
			isa = PBXGroup;
			children = (
				712A84402C7F722800AE50EB /* EntryCore.swift */,
				712A84422C7F726600AE50EB /* EntryView.swift */,
				712A84462C7F807C00AE50EB /* LoginCore.swift */,
				712A84482C7F80AF00AE50EB /* LoginView.swift */,
				712A844A2C7F80F700AE50EB /* RegisterCore.swift */,
				712A844C2C7F810A00AE50EB /* RegisterView.swift */,
				715DAE832C831CE3000941B6 /* EntryService.swift */,
				715DAE852C831CEB000941B6 /* LoginCall.swift */,
				715DAE872C831DED000941B6 /* RegisterCall.swift */,
			);
			path = Entry;
			sourceTree = "<group>";
		};
		7133236F2C5CE92B00497475 = {
			isa = PBXGroup;
			children = (
				71CB54232CC8357200575FD1 /* Localizable.xcstrings */,
				7133237A2C5CE92B00497475 /* paysplit */,
				71BC92402CC57254001A8A79 /* OneSignalNotificationServiceExtension */,
				713323792C5CE92B00497475 /* Products */,
			);
			sourceTree = "<group>";
		};
		713323792C5CE92B00497475 /* Products */ = {
			isa = PBXGroup;
			children = (
				713323782C5CE92B00497475 /* paysplit.app */,
				71BC923F2CC57254001A8A79 /* OneSignalNotificationServiceExtension.appex */,
			);
			name = Products;
			sourceTree = "<group>";
		};
		7133237A2C5CE92B00497475 /* paysplit */ = {
			isa = PBXGroup;
			children = (
				71BC923A2CC5720E001A8A79 /* paysplit.entitlements */,
				71B30D632C5FC2F4005D3BE0 /* Info.plist */,
				71B30D452C5F6D71005D3BE0 /* Models */,
				71B30D402C5F6BB7005D3BE0 /* Network */,
				71B30D3F2C5F6BB1005D3BE0 /* Features */,
				71B30D3E2C5F6BAB005D3BE0 /* Shared */,
				7133237B2C5CE92B00497475 /* paysplitApp.swift */,
				7133237F2C5CE92C00497475 /* Assets.xcassets */,
				713323812C5CE92C00497475 /* Preview Content */,
			);
			path = paysplit;
			sourceTree = "<group>";
		};
		713323812C5CE92C00497475 /* Preview Content */ = {
			isa = PBXGroup;
			children = (
				713323822C5CE92C00497475 /* Preview Assets.xcassets */,
			);
			path = "Preview Content";
			sourceTree = "<group>";
		};
		713419ED2C64C1C9000648A2 /* Account */ = {
			isa = PBXGroup;
			children = (
				715EB3C72CC5347400DBB075 /* AccountCalls.swift */,
				715EB3C32CC5305000DBB075 /* ImagePickerController.swift */,
				713419EE2C64C1D3000648A2 /* AccountView.swift */,
				713419F02C64C1E9000648A2 /* AccountCore.swift */,
				71F397CB2C8E01AE0073A5E8 /* AccountService.swift */,
			);
			path = Account;
			sourceTree = "<group>";
		};
		713419F82C64FEBA000648A2 /* Fonts */ = {
			isa = PBXGroup;
			children = (
				718E8CCE2CBBC3C400D63FE8 /* Lato-Black.ttf */,
				718E8CCF2CBBC3C400D63FE8 /* Lato-Bold.ttf */,
				718E8CD02CBBC3C400D63FE8 /* Lato-Hairline.ttf */,
				718E8CD12CBBC3C400D63FE8 /* Lato-Italic.ttf */,
				718E8CD22CBBC3C400D63FE8 /* Lato-Light.ttf */,
				718E8CD32CBBC3C400D63FE8 /* Lato-Regular.ttf */,
			);
			path = Fonts;
			sourceTree = "<group>";
		};
		7138F47B2C63C91C0067CE35 /* Overview */ = {
			isa = PBXGroup;
			children = (
				7138F47C2C63C9290067CE35 /* OverviewView.swift */,
				7138F47E2C63CB010067CE35 /* OverviewCore.swift */,
			);
			path = Overview;
			sourceTree = "<group>";
		};
		7138F4802C63CD650067CE35 /* AddPeople */ = {
			isa = PBXGroup;
			children = (
				7138F4812C63CD700067CE35 /* AddPeopleView.swift */,
				716DE7742C651ECF00A80817 /* AddPeopleCore.swift */,
				71F169E22C94CD7400FA2C61 /* AddPeopleCalls.swift */,
				71F169E42C94CEDC00FA2C61 /* AddPeopleService.swift */,
			);
			path = AddPeople;
			sourceTree = "<group>";
		};
		7138F4832C63CD810067CE35 /* OpenExpense */ = {
			isa = PBXGroup;
			children = (
				7197897C2CC3A802005B0C59 /* OpenExpenseService.swift */,
				7197897A2CC3A7BD005B0C59 /* OpenExpenseCalls.swift */,
				7138F4842C63CD920067CE35 /* OpenExpenseView.swift */,
				713419F22C64C314000648A2 /* OpenExpenseCore.swift */,
			);
			path = OpenExpense;
			sourceTree = "<group>";
		};
		7138F4862C63CDA50067CE35 /* PaidExpense */ = {
			isa = PBXGroup;
			children = (
				719789802CC400E9005B0C59 /* PaidExpenseService.swift */,
				7197897E2CC40029005B0C59 /* PaidExpenseCalls.swift */,
				7138F4872C63CDB70067CE35 /* PaidExpenseView.swift */,
				713419F42C64C34F000648A2 /* PaidExpenseCore.swift */,
			);
			path = PaidExpense;
			sourceTree = "<group>";
		};
		7138F4892C63D1070067CE35 /* AddExpense */ = {
			isa = PBXGroup;
			children = (
				718E8CDF2CBBF9CC00D63FE8 /* SplitAmount */,
				718E8CDA2CBBF98500D63FE8 /* FullAmount */,
				71F9AEFD2CBB23FD00561697 /* SearchAddedPeople */,
				718E8CE82CBC474100D63FE8 /* AddExpenseService.swift */,
				71F9AEFB2CBB18D900561697 /* AddExpenseCalls.swift */,
				71F9AEF92CBAF95F00561697 /* AddExpenseStep.swift */,
				7138F48B2C63D11C0067CE35 /* AddExpenseView.swift */,
				7138F48D2C63D13B0067CE35 /* AddExpenseCore.swift */,
			);
			path = AddExpense;
			sourceTree = "<group>";
		};
		715DAE8B2C83271F000941B6 /* Extensions */ = {
			isa = PBXGroup;
			children = (
				715EB3C12CC514D600DBB075 /* String+Extensions.swift */,
				710ABBAB2CC2D53E007DEF4F /* Double+Extensions.swift */,
				71F397CF2C8E051F0073A5E8 /* NotificationName+Extensions.swift */,
			);
			path = Extensions;
			sourceTree = "<group>";
		};
		71744D412C6E1F2F00577E22 /* LottieAssets */ = {
			isa = PBXGroup;
			children = (
			);
			path = LottieAssets;
			sourceTree = "<group>";
		};
		71799EB12CC15D4E0062DEDB /* Expense */ = {
			isa = PBXGroup;
			children = (
				710ABBAD2CC2EC61007DEF4F /* ExpenseDetail */,
				71799EB82CC16CF90062DEDB /* ExpenseOverviewService.swift */,
				71799EB62CC169C60062DEDB /* ExpenseOverviewCalls.swift */,
				71799EB42CC15D770062DEDB /* ExpenseOverviewCore.swift */,
				71799EB22CC15D580062DEDB /* ExpenseOverviewView.swift */,
			);
			path = Expense;
			sourceTree = "<group>";
		};
		718E8CDA2CBBF98500D63FE8 /* FullAmount */ = {
			isa = PBXGroup;
			children = (
				718E8CDD2CBBF99600D63FE8 /* FullAmountCore.swift */,
				718E8CDB2CBBF98D00D63FE8 /* FullAmountView.swift */,
			);
			path = FullAmount;
			sourceTree = "<group>";
		};
		718E8CDF2CBBF9CC00D63FE8 /* SplitAmount */ = {
			isa = PBXGroup;
			children = (
				718E8CE22CBBF9DA00D63FE8 /* SplitAmountCore.swift */,
				718E8CE02CBBF9D300D63FE8 /* SplitAmountView.swift */,
			);
			path = SplitAmount;
			sourceTree = "<group>";
		};
		71B30D3E2C5F6BAB005D3BE0 /* Shared */ = {
			isa = PBXGroup;
			children = (
				71E21E472CCAC44A006CF111 /* UniversalHelper.swift */,
				71BC92542CC574E4001A8A79 /* OneSignalClient.swift */,
				715EB3CC2CC536E900DBB075 /* PaysplitImage.swift */,
				715EB3C52CC530BE00DBB075 /* ViewControllerRepresentable.swift */,
				715DAE8B2C83271F000941B6 /* Extensions */,
				71744D412C6E1F2F00577E22 /* LottieAssets */,
				713419F82C64FEBA000648A2 /* Fonts */,
				71B30D412C5F6BC8005D3BE0 /* ViewState.swift */,
				713419F62C64FB5E000648A2 /* AppStyler.swift */,
				71744D3C2C6E0D4000577E22 /* InfoView.swift */,
				71744D442C6E22E700577E22 /* PaysplitButton.swift */,
				712A84442C7F72C200AE50EB /* PaysplitTextField.swift */,
			);
			path = Shared;
			sourceTree = "<group>";
		};
		71B30D3F2C5F6BB1005D3BE0 /* Features */ = {
			isa = PBXGroup;
			children = (
				712A843F2C7F720A00AE50EB /* Entry */,
				713419ED2C64C1C9000648A2 /* Account */,
				71799EB12CC15D4E0062DEDB /* Expense */,
				7138F4892C63D1070067CE35 /* AddExpense */,
				7138F4862C63CDA50067CE35 /* PaidExpense */,
				7138F4832C63CD810067CE35 /* OpenExpense */,
				7138F4802C63CD650067CE35 /* AddPeople */,
				7138F47B2C63C91C0067CE35 /* Overview */,
				71B30D642C5FC956005D3BE0 /* LaunchScreen */,
				71B30D5C2C5FBE86005D3BE0 /* App */,
			);
			path = Features;
			sourceTree = "<group>";
		};
		71B30D402C5F6BB7005D3BE0 /* Network */ = {
			isa = PBXGroup;
			children = (
				715EB3D32CC53CA300DBB075 /* FormData.swift */,
				71B30D482C5F6DC0005D3BE0 /* APIClient.swift */,
				71B30D4A2C5F6DD3005D3BE0 /* Call.swift */,
				71B30D4C2C5F6E03005D3BE0 /* HttpMethod.swift */,
				71B30D502C5F71B5005D3BE0 /* APIError.swift */,
				71744D482C7244B000577E22 /* RefreshAccessTokenCall.swift */,
			);
			path = Network;
			sourceTree = "<group>";
		};
		71B30D452C5F6D71005D3BE0 /* Models */ = {
			isa = PBXGroup;
			children = (
				71459D722CC6AED300B768AE /* AccountStatistics.swift */,
				71BC92562CC5783E001A8A79 /* OneSignalPush.swift */,
				719789782CC3A40B005B0C59 /* OpenPaidExpense.swift */,
				710ABBB62CC30011007DEF4F /* ExpenseDetail.swift */,
				718E8CE42CBC1FF600D63FE8 /* Expense.swift */,
				71B30D462C5F6D82005D3BE0 /* PaymentSheetResponse.swift */,
				71B30D522C5F7D0C005D3BE0 /* MessageResponse.swift */,
				7197B6772C64243F00272918 /* Account.swift */,
				71744D462C72311B00577E22 /* AuthorizationToken.swift */,
				71744D4A2C72452800577E22 /* RefreshAccessTokenRequest.swift */,
				710D68D82C825438000912DE /* AuthenticationRequest.swift */,
				715DAE892C831E75000941B6 /* RegisterRequest.swift */,
			);
			path = Models;
			sourceTree = "<group>";
		};
		71B30D5C2C5FBE86005D3BE0 /* App */ = {
			isa = PBXGroup;
			children = (
				71B30D5D2C5FBE9F005D3BE0 /* AppCore.swift */,
				71B30D5F2C5FBECE005D3BE0 /* AppView.swift */,
				71B30D612C5FC1FE005D3BE0 /* AppService.swift */,
			);
			path = App;
			sourceTree = "<group>";
		};
		71B30D642C5FC956005D3BE0 /* LaunchScreen */ = {
			isa = PBXGroup;
			children = (
				71B30D692C5FC9EB005D3BE0 /* LaunchScreenView.swift */,
				71B30D6F2C5FCF3A005D3BE0 /* LaunchScreen.storyboard */,
			);
			path = LaunchScreen;
			sourceTree = "<group>";
		};
		71F9AEFD2CBB23FD00561697 /* SearchAddedPeople */ = {
			isa = PBXGroup;
			children = (
				71F9AF002CBB242B00561697 /* SearchAddedPeopleCore.swift */,
				71F9AEFE2CBB240C00561697 /* SearchAddedPeopleView.swift */,
			);
			path = SearchAddedPeople;
			sourceTree = "<group>";
		};
/* End PBXGroup section */

/* Begin PBXNativeTarget section */
		713323772C5CE92B00497475 /* paysplit */ = {
			isa = PBXNativeTarget;
			buildConfigurationList = 713323862C5CE92C00497475 /* Build configuration list for PBXNativeTarget "paysplit" */;
			buildPhases = (
				713323742C5CE92B00497475 /* Sources */,
				713323752C5CE92B00497475 /* Frameworks */,
				713323762C5CE92B00497475 /* Resources */,
				71BC924B2CC57254001A8A79 /* Embed Foundation Extensions */,
			);
			buildRules = (
			);
			dependencies = (
				71BC92452CC57254001A8A79 /* PBXTargetDependency */,
			);
			name = paysplit;
			packageProductDependencies = (
				71B30D3C2C5F6BA5005D3BE0 /* ComposableArchitecture */,
				71744D3F2C6E1E0000577E22 /* Lottie */,
				715EB3CA2CC536D700DBB075 /* CachedAsyncImage */,
				715EB3CF2CC53C7800DBB075 /* Alamofire */,
				71BC92502CC57334001A8A79 /* OneSignalFramework */,
				71BC92522CC57334001A8A79 /* OneSignalInAppMessages */,
			);
			productName = paysplit;
			productReference = 713323782C5CE92B00497475 /* paysplit.app */;
			productType = "com.apple.product-type.application";
		};
		71BC923E2CC57254001A8A79 /* OneSignalNotificationServiceExtension */ = {
			isa = PBXNativeTarget;
			buildConfigurationList = 71BC92482CC57254001A8A79 /* Build configuration list for PBXNativeTarget "OneSignalNotificationServiceExtension" */;
			buildPhases = (
				71BC923B2CC57254001A8A79 /* Sources */,
				71BC923C2CC57254001A8A79 /* Frameworks */,
				71BC923D2CC57254001A8A79 /* Resources */,
			);
			buildRules = (
			);
			dependencies = (
			);
			fileSystemSynchronizedGroups = (
				71BC92402CC57254001A8A79 /* OneSignalNotificationServiceExtension */,
			);
			name = OneSignalNotificationServiceExtension;
			packageProductDependencies = (
				71BC924E2CC57334001A8A79 /* OneSignalExtension */,
			);
			productName = OneSignalNotificationServiceExtension;
			productReference = 71BC923F2CC57254001A8A79 /* OneSignalNotificationServiceExtension.appex */;
			productType = "com.apple.product-type.app-extension";
		};
/* End PBXNativeTarget section */

/* Begin PBXProject section */
		713323702C5CE92B00497475 /* Project object */ = {
			isa = PBXProject;
			attributes = {
				BuildIndependentTargetsInParallel = 1;
				LastSwiftUpdateCheck = 1600;
				LastUpgradeCheck = 1600;
				TargetAttributes = {
					713323772C5CE92B00497475 = {
						CreatedOnToolsVersion = 15.4;
					};
					71BC923E2CC57254001A8A79 = {
						CreatedOnToolsVersion = 16.0;
					};
				};
			};
			buildConfigurationList = 713323732C5CE92B00497475 /* Build configuration list for PBXProject "paysplit" */;
			compatibilityVersion = "Xcode 14.0";
			developmentRegion = en;
			hasScannedForEncodings = 0;
			knownRegions = (
				en,
				Base,
				de,
			);
			mainGroup = 7133236F2C5CE92B00497475;
			packageReferences = (
				71B30D3B2C5F6BA5005D3BE0 /* XCRemoteSwiftPackageReference "swift-composable-architecture" */,
				71744D3E2C6E1E0000577E22 /* XCRemoteSwiftPackageReference "lottie-spm" */,
				715EB3C92CC536D700DBB075 /* XCRemoteSwiftPackageReference "swiftui-cached-async-image" */,
				715EB3CE2CC53C7800DBB075 /* XCRemoteSwiftPackageReference "Alamofire" */,
				71BC924D2CC57334001A8A79 /* XCRemoteSwiftPackageReference "OneSignal-XCFramework" */,
			);
			productRefGroup = 713323792C5CE92B00497475 /* Products */;
			projectDirPath = "";
			projectRoot = "";
			targets = (
				713323772C5CE92B00497475 /* paysplit */,
				71BC923E2CC57254001A8A79 /* OneSignalNotificationServiceExtension */,
			);
		};
/* End PBXProject section */

/* Begin PBXResourcesBuildPhase section */
		713323762C5CE92B00497475 /* Resources */ = {
			isa = PBXResourcesBuildPhase;
			buildActionMask = 2147483647;
			files = (
				71B30D702C5FCF3A005D3BE0 /* LaunchScreen.storyboard in Resources */,
				713323832C5CE92C00497475 /* Preview Assets.xcassets in Resources */,
				713323802C5CE92C00497475 /* Assets.xcassets in Resources */,
				718E8CD42CBBC3C400D63FE8 /* Lato-Italic.ttf in Resources */,
				718E8CD52CBBC3C400D63FE8 /* Lato-Light.ttf in Resources */,
				718E8CD62CBBC3C400D63FE8 /* Lato-Black.ttf in Resources */,
				71CB54252CC8357200575FD1 /* Localizable.xcstrings in Resources */,
				718E8CD72CBBC3C400D63FE8 /* Lato-Regular.ttf in Resources */,
				718E8CD82CBBC3C400D63FE8 /* Lato-Hairline.ttf in Resources */,
				718E8CD92CBBC3C400D63FE8 /* Lato-Bold.ttf in Resources */,
			);
			runOnlyForDeploymentPostprocessing = 0;
		};
		71BC923D2CC57254001A8A79 /* Resources */ = {
			isa = PBXResourcesBuildPhase;
			buildActionMask = 2147483647;
			files = (
				71CB54242CC8357200575FD1 /* Localizable.xcstrings in Resources */,
			);
			runOnlyForDeploymentPostprocessing = 0;
		};
/* End PBXResourcesBuildPhase section */

/* Begin PBXSourcesBuildPhase section */
		713323742C5CE92B00497475 /* Sources */ = {
			isa = PBXSourcesBuildPhase;
			buildActionMask = 2147483647;
			files = (
				718E8CE52CBC1FFA00D63FE8 /* Expense.swift in Sources */,
				712A84472C7F807C00AE50EB /* LoginCore.swift in Sources */,
				71B30D472C5F6D82005D3BE0 /* PaymentSheetResponse.swift in Sources */,
				71F9AEFC2CBB18DE00561697 /* AddExpenseCalls.swift in Sources */,
				71744D452C6E22E700577E22 /* PaysplitButton.swift in Sources */,
				71F9AF012CBB242E00561697 /* SearchAddedPeopleCore.swift in Sources */,
				7138F47F2C63CB010067CE35 /* OverviewCore.swift in Sources */,
				71459D732CC6AEDB00B768AE /* AccountStatistics.swift in Sources */,
				715EB3C42CC5305500DBB075 /* ImagePickerController.swift in Sources */,
				710ABBB72CC30016007DEF4F /* ExpenseDetail.swift in Sources */,
				715DAE8A2C831E75000941B6 /* RegisterRequest.swift in Sources */,
				7197897B2CC3A7C4005B0C59 /* OpenExpenseCalls.swift in Sources */,
				7138F4882C63CDB70067CE35 /* PaidExpenseView.swift in Sources */,
				71744D3D2C6E0D4000577E22 /* InfoView.swift in Sources */,
				715EB3C22CC514DB00DBB075 /* String+Extensions.swift in Sources */,
				718E8CE32CBBF9DE00D63FE8 /* SplitAmountCore.swift in Sources */,
				71B30D512C5F71B5005D3BE0 /* APIError.swift in Sources */,
				71F397CC2C8E01AE0073A5E8 /* AccountService.swift in Sources */,
				712A84492C7F80AF00AE50EB /* LoginView.swift in Sources */,
				710ABBAC2CC2D543007DEF4F /* Double+Extensions.swift in Sources */,
				718E8CE92CBC474800D63FE8 /* AddExpenseService.swift in Sources */,
				712A84432C7F726600AE50EB /* EntryView.swift in Sources */,
				71F9AEFF2CBB240F00561697 /* SearchAddedPeopleView.swift in Sources */,
				7138F4852C63CD920067CE35 /* OpenExpenseView.swift in Sources */,
				71799EB52CC15D7C0062DEDB /* ExpenseOverviewCore.swift in Sources */,
				7197897D2CC3A806005B0C59 /* OpenExpenseService.swift in Sources */,
				716DE7752C651ECF00A80817 /* AddPeopleCore.swift in Sources */,
				71F169E32C94CD7400FA2C61 /* AddPeopleCalls.swift in Sources */,
				71744D472C72311B00577E22 /* AuthorizationToken.swift in Sources */,
				713419EF2C64C1D3000648A2 /* AccountView.swift in Sources */,
				715EB3D42CC53CA500DBB075 /* FormData.swift in Sources */,
				71744D492C7244B000577E22 /* RefreshAccessTokenCall.swift in Sources */,
				710ABBB12CC2ECA1007DEF4F /* ExpenseDetailCore.swift in Sources */,
				715DAE862C831CEB000941B6 /* LoginCall.swift in Sources */,
				71BC92552CC574E8001A8A79 /* OneSignalClient.swift in Sources */,
				7133237C2C5CE92B00497475 /* paysplitApp.swift in Sources */,
				713419F32C64C314000648A2 /* OpenExpenseCore.swift in Sources */,
				715DAE882C831DED000941B6 /* RegisterCall.swift in Sources */,
				713419F72C64FB5E000648A2 /* AppStyler.swift in Sources */,
				71E21E482CCAC44F006CF111 /* UniversalHelper.swift in Sources */,
				710ABBAF2CC2EC85007DEF4F /* ExpenseDetailView.swift in Sources */,
				718E8CDC2CBBF99200D63FE8 /* FullAmountView.swift in Sources */,
				71B30D5E2C5FBE9F005D3BE0 /* AppCore.swift in Sources */,
				710ABBB52CC2ED29007DEF4F /* ExpenseDetailService.swift in Sources */,
				71B30D4D2C5F6E03005D3BE0 /* HttpMethod.swift in Sources */,
				715EB3C62CC530C300DBB075 /* ViewControllerRepresentable.swift in Sources */,
				713419F12C64C1E9000648A2 /* AccountCore.swift in Sources */,
				71B30D422C5F6BC8005D3BE0 /* ViewState.swift in Sources */,
				71B30D4B2C5F6DD3005D3BE0 /* Call.swift in Sources */,
				712A84452C7F72C200AE50EB /* PaysplitTextField.swift in Sources */,
				710ABBB32CC2ECE1007DEF4F /* ExpenseDetailCalls.swift in Sources */,
				71B30D602C5FBECE005D3BE0 /* AppView.swift in Sources */,
				718E8CE12CBBF9D700D63FE8 /* SplitAmountView.swift in Sources */,
				71F397D02C8E051F0073A5E8 /* NotificationName+Extensions.swift in Sources */,
				713419F52C64C34F000648A2 /* PaidExpenseCore.swift in Sources */,
				715DAE842C831CE3000941B6 /* EntryService.swift in Sources */,
				71F169E52C94CEDC00FA2C61 /* AddPeopleService.swift in Sources */,
				7138F4822C63CD700067CE35 /* AddPeopleView.swift in Sources */,
				712A844B2C7F80F700AE50EB /* RegisterCore.swift in Sources */,
				7138F48E2C63D13B0067CE35 /* AddExpenseCore.swift in Sources */,
				715EB3CD2CC536F900DBB075 /* PaysplitImage.swift in Sources */,
				7138F48C2C63D11C0067CE35 /* AddExpenseView.swift in Sources */,
				710D68D92C825438000912DE /* AuthenticationRequest.swift in Sources */,
				71F9AEFA2CBAF96800561697 /* AddExpenseStep.swift in Sources */,
				71BC92572CC57841001A8A79 /* OneSignalPush.swift in Sources */,
				71B30D532C5F7D0C005D3BE0 /* MessageResponse.swift in Sources */,
				71799EB72CC169D40062DEDB /* ExpenseOverviewCalls.swift in Sources */,
				718E8CDE2CBBF99A00D63FE8 /* FullAmountCore.swift in Sources */,
				7197897F2CC40030005B0C59 /* PaidExpenseCalls.swift in Sources */,
				712A844D2C7F810A00AE50EB /* RegisterView.swift in Sources */,
				71799EB92CC16D000062DEDB /* ExpenseOverviewService.swift in Sources */,
				7138F47D2C63C9290067CE35 /* OverviewView.swift in Sources */,
				7197B6782C64243F00272918 /* Account.swift in Sources */,
				719789812CC400ED005B0C59 /* PaidExpenseService.swift in Sources */,
				715EB3C82CC5347600DBB075 /* AccountCalls.swift in Sources */,
				71B30D622C5FC1FE005D3BE0 /* AppService.swift in Sources */,
				71744D4B2C72452800577E22 /* RefreshAccessTokenRequest.swift in Sources */,
				71B30D492C5F6DC0005D3BE0 /* APIClient.swift in Sources */,
				719789792CC3A40E005B0C59 /* OpenPaidExpense.swift in Sources */,
				71B30D6A2C5FC9EB005D3BE0 /* LaunchScreenView.swift in Sources */,
				71799EB32CC15D5C0062DEDB /* ExpenseOverviewView.swift in Sources */,
				712A84412C7F722800AE50EB /* EntryCore.swift in Sources */,
			);
			runOnlyForDeploymentPostprocessing = 0;
		};
		71BC923B2CC57254001A8A79 /* Sources */ = {
			isa = PBXSourcesBuildPhase;
			buildActionMask = 2147483647;
			files = (
			);
			runOnlyForDeploymentPostprocessing = 0;
		};
/* End PBXSourcesBuildPhase section */

/* Begin PBXTargetDependency section */
		71BC92452CC57254001A8A79 /* PBXTargetDependency */ = {
			isa = PBXTargetDependency;
			target = 71BC923E2CC57254001A8A79 /* OneSignalNotificationServiceExtension */;
			targetProxy = 71BC92442CC57254001A8A79 /* PBXContainerItemProxy */;
		};
/* End PBXTargetDependency section */

/* Begin XCBuildConfiguration section */
		713323842C5CE92C00497475 /* Debug */ = {
			isa = XCBuildConfiguration;
			buildSettings = {
				ALWAYS_SEARCH_USER_PATHS = NO;
				ASSETCATALOG_COMPILER_GENERATE_SWIFT_ASSET_SYMBOL_EXTENSIONS = YES;
				CLANG_ANALYZER_LOCALIZABILITY_NONLOCALIZED = YES;
				CLANG_ANALYZER_NONNULL = YES;
				CLANG_ANALYZER_NUMBER_OBJECT_CONVERSION = YES_AGGRESSIVE;
				CLANG_CXX_LANGUAGE_STANDARD = "gnu++20";
				CLANG_ENABLE_MODULES = YES;
				CLANG_ENABLE_OBJC_ARC = YES;
				CLANG_ENABLE_OBJC_WEAK = YES;
				CLANG_WARN_BLOCK_CAPTURE_AUTORELEASING = YES;
				CLANG_WARN_BOOL_CONVERSION = YES;
				CLANG_WARN_COMMA = YES;
				CLANG_WARN_CONSTANT_CONVERSION = YES;
				CLANG_WARN_DEPRECATED_OBJC_IMPLEMENTATIONS = YES;
				CLANG_WARN_DIRECT_OBJC_ISA_USAGE = YES_ERROR;
				CLANG_WARN_DOCUMENTATION_COMMENTS = YES;
				CLANG_WARN_EMPTY_BODY = YES;
				CLANG_WARN_ENUM_CONVERSION = YES;
				CLANG_WARN_INFINITE_RECURSION = YES;
				CLANG_WARN_INT_CONVERSION = YES;
				CLANG_WARN_NON_LITERAL_NULL_CONVERSION = YES;
				CLANG_WARN_OBJC_IMPLICIT_RETAIN_SELF = YES;
				CLANG_WARN_OBJC_LITERAL_CONVERSION = YES;
				CLANG_WARN_OBJC_ROOT_CLASS = YES_ERROR;
				CLANG_WARN_QUOTED_INCLUDE_IN_FRAMEWORK_HEADER = YES;
				CLANG_WARN_RANGE_LOOP_ANALYSIS = YES;
				CLANG_WARN_STRICT_PROTOTYPES = YES;
				CLANG_WARN_SUSPICIOUS_MOVE = YES;
				CLANG_WARN_UNGUARDED_AVAILABILITY = YES_AGGRESSIVE;
				CLANG_WARN_UNREACHABLE_CODE = YES;
				CLANG_WARN__DUPLICATE_METHOD_MATCH = YES;
				COPY_PHASE_STRIP = NO;
				DEBUG_INFORMATION_FORMAT = dwarf;
				ENABLE_STRICT_OBJC_MSGSEND = YES;
				ENABLE_TESTABILITY = YES;
				ENABLE_USER_SCRIPT_SANDBOXING = YES;
				GCC_C_LANGUAGE_STANDARD = gnu17;
				GCC_DYNAMIC_NO_PIC = NO;
				GCC_NO_COMMON_BLOCKS = YES;
				GCC_OPTIMIZATION_LEVEL = 0;
				GCC_PREPROCESSOR_DEFINITIONS = (
					"DEBUG=1",
					"$(inherited)",
				);
				GCC_WARN_64_TO_32_BIT_CONVERSION = YES;
				GCC_WARN_ABOUT_RETURN_TYPE = YES_ERROR;
				GCC_WARN_UNDECLARED_SELECTOR = YES;
				GCC_WARN_UNINITIALIZED_AUTOS = YES_AGGRESSIVE;
				GCC_WARN_UNUSED_FUNCTION = YES;
				GCC_WARN_UNUSED_VARIABLE = YES;
				IPHONEOS_DEPLOYMENT_TARGET = 17.0;
				LOCALIZATION_PREFERS_STRING_CATALOGS = YES;
				MTL_ENABLE_DEBUG_INFO = INCLUDE_SOURCE;
				MTL_FAST_MATH = YES;
				ONLY_ACTIVE_ARCH = YES;
				SDKROOT = iphoneos;
				SWIFT_ACTIVE_COMPILATION_CONDITIONS = "DEBUG $(inherited)";
				SWIFT_EMIT_LOC_STRINGS = YES;
				SWIFT_OPTIMIZATION_LEVEL = "-Onone";
			};
			name = Debug;
		};
		713323852C5CE92C00497475 /* Release */ = {
			isa = XCBuildConfiguration;
			buildSettings = {
				ALWAYS_SEARCH_USER_PATHS = NO;
				ASSETCATALOG_COMPILER_GENERATE_SWIFT_ASSET_SYMBOL_EXTENSIONS = YES;
				CLANG_ANALYZER_LOCALIZABILITY_NONLOCALIZED = YES;
				CLANG_ANALYZER_NONNULL = YES;
				CLANG_ANALYZER_NUMBER_OBJECT_CONVERSION = YES_AGGRESSIVE;
				CLANG_CXX_LANGUAGE_STANDARD = "gnu++20";
				CLANG_ENABLE_MODULES = YES;
				CLANG_ENABLE_OBJC_ARC = YES;
				CLANG_ENABLE_OBJC_WEAK = YES;
				CLANG_WARN_BLOCK_CAPTURE_AUTORELEASING = YES;
				CLANG_WARN_BOOL_CONVERSION = YES;
				CLANG_WARN_COMMA = YES;
				CLANG_WARN_CONSTANT_CONVERSION = YES;
				CLANG_WARN_DEPRECATED_OBJC_IMPLEMENTATIONS = YES;
				CLANG_WARN_DIRECT_OBJC_ISA_USAGE = YES_ERROR;
				CLANG_WARN_DOCUMENTATION_COMMENTS = YES;
				CLANG_WARN_EMPTY_BODY = YES;
				CLANG_WARN_ENUM_CONVERSION = YES;
				CLANG_WARN_INFINITE_RECURSION = YES;
				CLANG_WARN_INT_CONVERSION = YES;
				CLANG_WARN_NON_LITERAL_NULL_CONVERSION = YES;
				CLANG_WARN_OBJC_IMPLICIT_RETAIN_SELF = YES;
				CLANG_WARN_OBJC_LITERAL_CONVERSION = YES;
				CLANG_WARN_OBJC_ROOT_CLASS = YES_ERROR;
				CLANG_WARN_QUOTED_INCLUDE_IN_FRAMEWORK_HEADER = YES;
				CLANG_WARN_RANGE_LOOP_ANALYSIS = YES;
				CLANG_WARN_STRICT_PROTOTYPES = YES;
				CLANG_WARN_SUSPICIOUS_MOVE = YES;
				CLANG_WARN_UNGUARDED_AVAILABILITY = YES_AGGRESSIVE;
				CLANG_WARN_UNREACHABLE_CODE = YES;
				CLANG_WARN__DUPLICATE_METHOD_MATCH = YES;
				COPY_PHASE_STRIP = NO;
				DEBUG_INFORMATION_FORMAT = "dwarf-with-dsym";
				ENABLE_NS_ASSERTIONS = NO;
				ENABLE_STRICT_OBJC_MSGSEND = YES;
				ENABLE_USER_SCRIPT_SANDBOXING = YES;
				GCC_C_LANGUAGE_STANDARD = gnu17;
				GCC_NO_COMMON_BLOCKS = YES;
				GCC_WARN_64_TO_32_BIT_CONVERSION = YES;
				GCC_WARN_ABOUT_RETURN_TYPE = YES_ERROR;
				GCC_WARN_UNDECLARED_SELECTOR = YES;
				GCC_WARN_UNINITIALIZED_AUTOS = YES_AGGRESSIVE;
				GCC_WARN_UNUSED_FUNCTION = YES;
				GCC_WARN_UNUSED_VARIABLE = YES;
				IPHONEOS_DEPLOYMENT_TARGET = 17.0;
				LOCALIZATION_PREFERS_STRING_CATALOGS = YES;
				MTL_ENABLE_DEBUG_INFO = NO;
				MTL_FAST_MATH = YES;
				SDKROOT = iphoneos;
				SWIFT_COMPILATION_MODE = wholemodule;
				SWIFT_EMIT_LOC_STRINGS = YES;
				VALIDATE_PRODUCT = YES;
			};
			name = Release;
		};
		713323872C5CE92C00497475 /* Debug */ = {
			isa = XCBuildConfiguration;
			buildSettings = {
				ASSETCATALOG_COMPILER_APPICON_NAME = AppIcon;
				ASSETCATALOG_COMPILER_GLOBAL_ACCENT_COLOR_NAME = AccentColor;
				CODE_SIGN_ENTITLEMENTS = paysplit/paysplit.entitlements;
				CODE_SIGN_INJECT_BASE_ENTITLEMENTS = NO;
				CODE_SIGN_STYLE = Automatic;
				CURRENT_PROJECT_VERSION = 5;
				DEVELOPMENT_ASSET_PATHS = "\"paysplit/Preview Content\"";
				DEVELOPMENT_TEAM = 7UZH6B548Y;
				ENABLE_PREVIEWS = YES;
				GENERATE_INFOPLIST_FILE = YES;
				INFOPLIST_FILE = paysplit/Info.plist;
				INFOPLIST_KEY_CFBundleDisplayName = Paysplit;
				INFOPLIST_KEY_LSApplicationCategoryType = "public.app-category.finance";
				INFOPLIST_KEY_NSCameraUsageDescription = "We need access to your camera.";
				INFOPLIST_KEY_NSPhotoLibraryUsageDescription = "We need your approval to access your Image Gallery.";
				INFOPLIST_KEY_UIApplicationSceneManifest_Generation = YES;
				INFOPLIST_KEY_UIApplicationSupportsIndirectInputEvents = YES;
				INFOPLIST_KEY_UILaunchStoryboardName = LaunchScreen.storyboard;
				INFOPLIST_KEY_UIStatusBarHidden = YES;
				INFOPLIST_KEY_UIStatusBarStyle = UIStatusBarStyleLightContent;
				INFOPLIST_KEY_UISupportedInterfaceOrientations = UIInterfaceOrientationPortrait;
				INFOPLIST_KEY_UISupportedInterfaceOrientations_iPad = "UIInterfaceOrientationLandscapeLeft UIInterfaceOrientationLandscapeRight UIInterfaceOrientationPortrait UIInterfaceOrientationPortraitUpsideDown";
				INFOPLIST_KEY_UIUserInterfaceStyle = Light;
				IPHONEOS_DEPLOYMENT_TARGET = 17.0;
				LD_RUNPATH_SEARCH_PATHS = (
					"$(inherited)",
					"@executable_path/Frameworks",
				);
				MARKETING_VERSION = 1.0;
				PRODUCT_BUNDLE_IDENTIFIER = com.ebucelik.paysplit;
				PRODUCT_NAME = "$(TARGET_NAME)";
				SUPPORTED_PLATFORMS = "iphoneos iphonesimulator";
				SUPPORTS_MACCATALYST = NO;
				SUPPORTS_MAC_DESIGNED_FOR_IPHONE_IPAD = NO;
				SUPPORTS_XR_DESIGNED_FOR_IPHONE_IPAD = NO;
				SWIFT_EMIT_LOC_STRINGS = YES;
				SWIFT_VERSION = 5.0;
				TARGETED_DEVICE_FAMILY = 1;
			};
			name = Debug;
		};
		713323882C5CE92C00497475 /* Release */ = {
			isa = XCBuildConfiguration;
			buildSettings = {
				ASSETCATALOG_COMPILER_APPICON_NAME = AppIcon;
				ASSETCATALOG_COMPILER_GLOBAL_ACCENT_COLOR_NAME = AccentColor;
				CODE_SIGN_ENTITLEMENTS = paysplit/paysplit.entitlements;
				CODE_SIGN_INJECT_BASE_ENTITLEMENTS = NO;
				CODE_SIGN_STYLE = Automatic;
				CURRENT_PROJECT_VERSION = 5;
				DEVELOPMENT_ASSET_PATHS = "\"paysplit/Preview Content\"";
				DEVELOPMENT_TEAM = 7UZH6B548Y;
				ENABLE_PREVIEWS = YES;
				GENERATE_INFOPLIST_FILE = YES;
				INFOPLIST_FILE = paysplit/Info.plist;
				INFOPLIST_KEY_CFBundleDisplayName = Paysplit;
				INFOPLIST_KEY_LSApplicationCategoryType = "public.app-category.finance";
				INFOPLIST_KEY_NSCameraUsageDescription = "We need access to your camera.";
				INFOPLIST_KEY_NSPhotoLibraryUsageDescription = "We need your approval to access your Image Gallery.";
				INFOPLIST_KEY_UIApplicationSceneManifest_Generation = YES;
				INFOPLIST_KEY_UIApplicationSupportsIndirectInputEvents = YES;
				INFOPLIST_KEY_UILaunchStoryboardName = LaunchScreen.storyboard;
				INFOPLIST_KEY_UIStatusBarHidden = YES;
				INFOPLIST_KEY_UIStatusBarStyle = UIStatusBarStyleLightContent;
				INFOPLIST_KEY_UISupportedInterfaceOrientations = UIInterfaceOrientationPortrait;
				INFOPLIST_KEY_UISupportedInterfaceOrientations_iPad = "UIInterfaceOrientationLandscapeLeft UIInterfaceOrientationLandscapeRight UIInterfaceOrientationPortrait UIInterfaceOrientationPortraitUpsideDown";
				INFOPLIST_KEY_UIUserInterfaceStyle = Light;
				IPHONEOS_DEPLOYMENT_TARGET = 17.0;
				LD_RUNPATH_SEARCH_PATHS = (
					"$(inherited)",
					"@executable_path/Frameworks",
				);
				MARKETING_VERSION = 1.0;
				PRODUCT_BUNDLE_IDENTIFIER = com.ebucelik.paysplit;
				PRODUCT_NAME = "$(TARGET_NAME)";
				SUPPORTED_PLATFORMS = "iphoneos iphonesimulator";
				SUPPORTS_MACCATALYST = NO;
				SUPPORTS_MAC_DESIGNED_FOR_IPHONE_IPAD = NO;
				SUPPORTS_XR_DESIGNED_FOR_IPHONE_IPAD = NO;
				SWIFT_EMIT_LOC_STRINGS = YES;
				SWIFT_VERSION = 5.0;
				TARGETED_DEVICE_FAMILY = 1;
			};
			name = Release;
		};
		71BC92492CC57254001A8A79 /* Debug */ = {
			isa = XCBuildConfiguration;
			buildSettings = {
				CODE_SIGN_ENTITLEMENTS = OneSignalNotificationServiceExtension/OneSignalNotificationServiceExtension.entitlements;
				CODE_SIGN_STYLE = Automatic;
				CURRENT_PROJECT_VERSION = 5;
				DEVELOPMENT_TEAM = 7UZH6B548Y;
				GENERATE_INFOPLIST_FILE = YES;
				INFOPLIST_FILE = OneSignalNotificationServiceExtension/Info.plist;
				INFOPLIST_KEY_CFBundleDisplayName = OneSignalNotificationServiceExtension;
				INFOPLIST_KEY_NSHumanReadableCopyright = "";
				IPHONEOS_DEPLOYMENT_TARGET = 17.0;
				LD_RUNPATH_SEARCH_PATHS = (
					"$(inherited)",
					"@executable_path/Frameworks",
					"@executable_path/../../Frameworks",
				);
				MARKETING_VERSION = 1.0;
				PRODUCT_BUNDLE_IDENTIFIER = com.ebucelik.paysplit.OneSignalNotificationServiceExtension;
				PRODUCT_NAME = "$(TARGET_NAME)";
				SKIP_INSTALL = YES;
				SUPPORTED_PLATFORMS = "iphoneos iphonesimulator";
				SUPPORTS_MACCATALYST = NO;
				SUPPORTS_MAC_DESIGNED_FOR_IPHONE_IPAD = NO;
				SUPPORTS_XR_DESIGNED_FOR_IPHONE_IPAD = NO;
				SWIFT_EMIT_LOC_STRINGS = YES;
				SWIFT_VERSION = 5.0;
				TARGETED_DEVICE_FAMILY = 1;
			};
			name = Debug;
		};
		71BC924A2CC57254001A8A79 /* Release */ = {
			isa = XCBuildConfiguration;
			buildSettings = {
				CODE_SIGN_ENTITLEMENTS = OneSignalNotificationServiceExtension/OneSignalNotificationServiceExtension.entitlements;
				CODE_SIGN_STYLE = Automatic;
				CURRENT_PROJECT_VERSION = 5;
				DEVELOPMENT_TEAM = 7UZH6B548Y;
				GENERATE_INFOPLIST_FILE = YES;
				INFOPLIST_FILE = OneSignalNotificationServiceExtension/Info.plist;
				INFOPLIST_KEY_CFBundleDisplayName = OneSignalNotificationServiceExtension;
				INFOPLIST_KEY_NSHumanReadableCopyright = "";
				IPHONEOS_DEPLOYMENT_TARGET = 17.0;
				LD_RUNPATH_SEARCH_PATHS = (
					"$(inherited)",
					"@executable_path/Frameworks",
					"@executable_path/../../Frameworks",
				);
				MARKETING_VERSION = 1.0;
				PRODUCT_BUNDLE_IDENTIFIER = com.ebucelik.paysplit.OneSignalNotificationServiceExtension;
				PRODUCT_NAME = "$(TARGET_NAME)";
				SKIP_INSTALL = YES;
				SUPPORTED_PLATFORMS = "iphoneos iphonesimulator";
				SUPPORTS_MACCATALYST = NO;
				SUPPORTS_MAC_DESIGNED_FOR_IPHONE_IPAD = NO;
				SUPPORTS_XR_DESIGNED_FOR_IPHONE_IPAD = NO;
				SWIFT_EMIT_LOC_STRINGS = YES;
				SWIFT_VERSION = 5.0;
				TARGETED_DEVICE_FAMILY = 1;
			};
			name = Release;
		};
/* End XCBuildConfiguration section */

/* Begin XCConfigurationList section */
		713323732C5CE92B00497475 /* Build configuration list for PBXProject "paysplit" */ = {
			isa = XCConfigurationList;
			buildConfigurations = (
				713323842C5CE92C00497475 /* Debug */,
				713323852C5CE92C00497475 /* Release */,
			);
			defaultConfigurationIsVisible = 0;
			defaultConfigurationName = Release;
		};
		713323862C5CE92C00497475 /* Build configuration list for PBXNativeTarget "paysplit" */ = {
			isa = XCConfigurationList;
			buildConfigurations = (
				713323872C5CE92C00497475 /* Debug */,
				713323882C5CE92C00497475 /* Release */,
			);
			defaultConfigurationIsVisible = 0;
			defaultConfigurationName = Release;
		};
		71BC92482CC57254001A8A79 /* Build configuration list for PBXNativeTarget "OneSignalNotificationServiceExtension" */ = {
			isa = XCConfigurationList;
			buildConfigurations = (
				71BC92492CC57254001A8A79 /* Debug */,
				71BC924A2CC57254001A8A79 /* Release */,
			);
			defaultConfigurationIsVisible = 0;
			defaultConfigurationName = Release;
		};
/* End XCConfigurationList section */

/* Begin XCRemoteSwiftPackageReference section */
		715EB3C92CC536D700DBB075 /* XCRemoteSwiftPackageReference "swiftui-cached-async-image" */ = {
			isa = XCRemoteSwiftPackageReference;
			repositoryURL = "https://github.com/lorenzofiamingo/swiftui-cached-async-image";
			requirement = {
				kind = upToNextMajorVersion;
				minimumVersion = 2.1.1;
			};
		};
		715EB3CE2CC53C7800DBB075 /* XCRemoteSwiftPackageReference "Alamofire" */ = {
			isa = XCRemoteSwiftPackageReference;
			repositoryURL = "https://github.com/Alamofire/Alamofire.git";
			requirement = {
				kind = upToNextMajorVersion;
				minimumVersion = 5.10.1;
			};
		};
		71744D3E2C6E1E0000577E22 /* XCRemoteSwiftPackageReference "lottie-spm" */ = {
			isa = XCRemoteSwiftPackageReference;
			repositoryURL = "https://github.com/airbnb/lottie-spm.git";
			requirement = {
				kind = upToNextMajorVersion;
				minimumVersion = 4.5.0;
			};
		};
		71B30D3B2C5F6BA5005D3BE0 /* XCRemoteSwiftPackageReference "swift-composable-architecture" */ = {
			isa = XCRemoteSwiftPackageReference;
			repositoryURL = "https://github.com/pointfreeco/swift-composable-architecture";
			requirement = {
				kind = upToNextMajorVersion;
				minimumVersion = 1.12.1;
			};
		};
		71BC924D2CC57334001A8A79 /* XCRemoteSwiftPackageReference "OneSignal-XCFramework" */ = {
			isa = XCRemoteSwiftPackageReference;
			repositoryURL = "https://github.com/OneSignal/OneSignal-XCFramework";
			requirement = {
				kind = upToNextMajorVersion;
				minimumVersion = 5.2.5;
			};
		};
/* End XCRemoteSwiftPackageReference section */

/* Begin XCSwiftPackageProductDependency section */
		715EB3CA2CC536D700DBB075 /* CachedAsyncImage */ = {
			isa = XCSwiftPackageProductDependency;
			package = 715EB3C92CC536D700DBB075 /* XCRemoteSwiftPackageReference "swiftui-cached-async-image" */;
			productName = CachedAsyncImage;
		};
		715EB3CF2CC53C7800DBB075 /* Alamofire */ = {
			isa = XCSwiftPackageProductDependency;
			package = 715EB3CE2CC53C7800DBB075 /* XCRemoteSwiftPackageReference "Alamofire" */;
			productName = Alamofire;
		};
		71744D3F2C6E1E0000577E22 /* Lottie */ = {
			isa = XCSwiftPackageProductDependency;
			package = 71744D3E2C6E1E0000577E22 /* XCRemoteSwiftPackageReference "lottie-spm" */;
			productName = Lottie;
		};
		71B30D3C2C5F6BA5005D3BE0 /* ComposableArchitecture */ = {
			isa = XCSwiftPackageProductDependency;
			package = 71B30D3B2C5F6BA5005D3BE0 /* XCRemoteSwiftPackageReference "swift-composable-architecture" */;
			productName = ComposableArchitecture;
		};
		71BC924E2CC57334001A8A79 /* OneSignalExtension */ = {
			isa = XCSwiftPackageProductDependency;
			package = 71BC924D2CC57334001A8A79 /* XCRemoteSwiftPackageReference "OneSignal-XCFramework" */;
			productName = OneSignalExtension;
		};
		71BC92502CC57334001A8A79 /* OneSignalFramework */ = {
			isa = XCSwiftPackageProductDependency;
			package = 71BC924D2CC57334001A8A79 /* XCRemoteSwiftPackageReference "OneSignal-XCFramework" */;
			productName = OneSignalFramework;
		};
		71BC92522CC57334001A8A79 /* OneSignalInAppMessages */ = {
			isa = XCSwiftPackageProductDependency;
			package = 71BC924D2CC57334001A8A79 /* XCRemoteSwiftPackageReference "OneSignal-XCFramework" */;
			productName = OneSignalInAppMessages;
		};
/* End XCSwiftPackageProductDependency section */
	};
	rootObject = 713323702C5CE92B00497475 /* Project object */;
}
